
Microsoft Visual Studio Solution File, Format Version 12.00
# Visual Studio Version 16
VisualStudioVersion = 16.0.30523.141
MinimumVisualStudioVersion = 10.0.40219.1
Project("{FAE04EC0-301F-11D3-BF4B-00C04F79EFBC}") = "WpfFileDemo", "WpfFileDemo\WpfFileDemo.csproj", "{68A61734-976F-4971-B481-DA2C85B38758}"
EndProject
Global
	GlobalSection(SolutionConfigurationPlatforms) = preSolution
		Debug|Any CPU = Debug|Any CPU
		Release|Any CPU = Release|Any CPU
	EndGlobalSection
	GlobalSection(ProjectConfigurationPlatforms) = postSolution
		{68A61734-976F-4971-B481-DA2C85B38758}.Debug|Any CPU.ActiveCfg = Debug|Any CPU
		{68A61734-976F-4971-B481-DA2C85B38758}.Debug|Any CPU.Build.0 = Debug|Any CPU
		{68A61734-976F-4971-B481-DA2C85B38758}.Release|Any CPU.ActiveCfg = Release|Any CPU
		{68A61734-976F-4971-B481-DA2C85B38758}.Release|Any CPU.Build.0 = Release|Any CPU
	EndGlobalSection
	GlobalSection(SolutionProperties) = preSolution
		HideSolutionNode = FALSE
	EndGlobalSection
	GlobalSection(ExtensibilityGlobals) = postSolution
		SolutionGuid = {D37CDD0F-5F6F-4D83-94B8-30DE82DB0DA6}
	EndGlobalSection
EndGlobal
